
Microsoft Visual Studio Solution File, Format Version 12.00
# Visual Studio Version 18
VisualStudioVersion = 18.3.11520.95 d18.3
MinimumVisualStudioVersion = 10.0.40219.1
Project("{FAE04EC0-301F-11D3-BF4B-00C04F79EFBC}") = "Challenge_2", "Challenge_2.csproj", "{B853C35E-1141-FB45-335D-DD8C381B866E}"
EndProject
Global
	GlobalSection(SolutionConfigurationPlatforms) = preSolution
		Debug|Any CPU = Debug|Any CPU
		Release|Any CPU = Release|Any CPU
	EndGlobalSection
	GlobalSection(ProjectConfigurationPlatforms) = postSolution
		{B853C35E-1141-FB45-335D-DD8C381B866E}.Debug|Any CPU.ActiveCfg = Debug|Any CPU
		{B853C35E-1141-FB45-335D-DD8C381B866E}.Debug|Any CPU.Build.0 = Debug|Any CPU
		{B853C35E-1141-FB45-335D-DD8C381B866E}.Release|Any CPU.ActiveCfg = Release|Any CPU
		{B853C35E-1141-FB45-335D-DD8C381B866E}.Release|Any CPU.Build.0 = Release|Any CPU
	EndGlobalSection
	GlobalSection(SolutionProperties) = preSolution
		HideSolutionNode = FALSE
	EndGlobalSection
	GlobalSection(ExtensibilityGlobals) = postSolution
		SolutionGuid = {895DBE8E-A8B2-4C8A-AC70-E45A76F3DCD7}
	EndGlobalSection
EndGlobal
